# THIS IS AN AUTOGENERATED FILE. DO NOT EDIT THIS FILE DIRECTLY.
# yarn lockfile v1


fs@^0.0.1-security:
  version "0.0.1-security"
  resolved "https://registry.yarnpkg.com/fs/-/fs-0.0.1-security.tgz#8a7bd37186b6dddf3813f23858b57ecaaf5e41d4"
  integrity sha1-invTcYa23d84E/I4WLV+yq9eQdQ=

iconv-lite@*:
  version "0.6.2"
  resolved "https://registry.yarnpkg.com/iconv-lite/-/iconv-lite-0.6.2.tgz#ce13d1875b0c3a674bd6a04b7f76b01b1b6ded01"
  integrity sha512-2y91h5OpQlolefMPmUlivelittSWy0rP+oYVpn6A7GwVHNE8AWzoYOBNmlwks3LobaJxgHCYZAnyNo2GgpNRNQ==
  dependencies:
    safer-buffer ">= 2.1.2 < 3.0.0"

lodash@~3.8.0:
  version "3.8.0"
  resolved "https://registry.yarnpkg.com/lodash/-/lodash-3.8.0.tgz#376eb98bdcd9382a9365c33c4cb8250de1325b91"
  integrity sha1-N265i9zZOCqTZcM8TLglDeEyW5E=

pdffiller-aws-lambda@^0.0.12:
  version "0.0.12"
  resolved "https://registry.yarnpkg.com/pdffiller-aws-lambda/-/pdffiller-aws-lambda-0.0.12.tgz#f9cf92c841891710c847643093dd15db83a1db2f"
  integrity sha512-r1/HrnR8SrdmUMBXHOQt2t3A+riSTVKjVICtDLWEvVKnleghh5/NGKfLXrTo4fyWFC35MmHlcz8seI4g4vBa5A==
  dependencies:
    lodash "~3.8.0"
    utf8-fdf-generator-lite "*"

"safer-buffer@>= 2.1.2 < 3.0.0":
  version "2.1.2"
  resolved "https://registry.yarnpkg.com/safer-buffer/-/safer-buffer-2.1.2.tgz#44fa161b0187b9549dd84bb91802f9bd8385cd6a"
  integrity sha512-YZo3K82SD7Riyi0E1EQPojLz7kpepnSQI9IyPbHHg1XXXevb5dJI7tpyN2ADxGcQbHG7vcyRHk0cbwqcQriUtg==

utf8-fdf-generator-lite@*:
  version "0.0.5"
  resolved "https://registry.yarnpkg.com/utf8-fdf-generator-lite/-/utf8-fdf-generator-lite-0.0.5.tgz#418ac3a9b4ef6fb6ea6d8b47077d75a7e4ea9030"
  integrity sha1-QYrDqbTvb7bqbYtHB311p+TqkDA=
  dependencies:
    iconv-lite "*"
